// !$*UTF8*$!
{
	archiveVersion = 1;
	classes = {
	};
	objectVersion = 77;
	objects = {

/* Begin PBXContainerItemProxy section */
		B3CD00B72F93EC2F00A5F8BD /* PBXContainerItemProxy */ = {
			isa = PBXContainerItemProxy;
			containerPortal = B3CD009D2F93EC2D00A5F8BD /* Project object */;
			proxyType = 1;
			remoteGlobalIDString = B3CD00A42F93EC2D00A5F8BD;
			remoteInfo = "auto-photos";
		};
		B3CD00C12F93EC2F00A5F8BD /* PBXContainerItemProxy */ = {
			isa = PBXContainerItemProxy;
			containerPortal = B3CD009D2F93EC2D00A5F8BD /* Project object */;
			proxyType = 1;
			remoteGlobalIDString = B3CD00A42F93EC2D00A5F8BD;
			remoteInfo = "auto-photos";
		};
/* End PBXContainerItemProxy section */

/* Begin PBXFileReference section */
		B3CD00A52F93EC2D00A5F8BD /* auto-photos.app */ = {isa = PBXFileReference; explicitFileType = wrapper.application; includeInIndex = 0; path = "auto-photos.app"; sourceTree = BUILT_PRODUCTS_DIR; };
		B3CD00B62F93EC2F00A5F8BD /* auto-photosTests.xctest */ = {isa = PBXFileReference; explicitFileType = wrapper.cfbundle; includeInIndex = 0; path = "auto-photosTests.xctest"; sourceTree = BUILT_PRODUCTS_DIR; };
		B3CD00C02F93EC2F00A5F8BD /* auto-photosUITests.xctest */ = {isa = PBXFileReference; explicitFileType = wrapper.cfbundle; includeInIndex = 0; path = "auto-photosUITests.xctest"; sourceTree = BUILT_PRODUCTS_DIR; };
/* End PBXFileReference section */

/* Begin PBXFileSystemSynchronizedRootGroup section */
		B3CD00A72F93EC2D00A5F8BD /* auto-photos */ = {
			isa = PBXFileSystemSynchronizedRootGroup;
			path = "auto-photos";
			sourceTree = "<group>";
		};
		B3CD00B92F93EC2F00A5F8BD /* auto-photosTests */ = {
			isa = PBXFileSystemSynchronizedRootGroup;
			path = "auto-photosTests";
			sourceTree = "<group>";
		};
		B3CD00C32F93EC2F00A5F8BD /* auto-photosUITests */ = {
			isa = PBXFileSystemSynchronizedRootGroup;
			path = "auto-photosUITests";
			sourceTree = "<group>";
		};
/* End PBXFileSystemSynchronizedRootGroup section */

/* Begin PBXFrameworksBuildPhase section */
		B3CD00A22F93EC2D00A5F8BD /* Frameworks */ = {
			isa = PBXFrameworksBuildPhase;
			buildActionMask = 2147483647;
			files = (
			);
			runOnlyForDeploymentPostprocessing = 0;
		};
		B3CD00B32F93EC2F00A5F8BD /* Frameworks */ = {
			isa = PBXFrameworksBuildPhase;
			buildActionMask = 2147483647;
			files = (
			);
			runOnlyForDeploymentPostprocessing = 0;
		};
		B3CD00BD2F93EC2F00A5F8BD /* Frameworks */ = {
			isa = PBXFrameworksBuildPhase;
			buildActionMask = 2147483647;
			files = (
			);
			runOnlyForDeploymentPostprocessing = 0;
		};
/* End PBXFrameworksBuildPhase section */

/* Begin PBXGroup section */
		B3CD009C2F93EC2D00A5F8BD = {
			isa = PBXGroup;
			children = (
				B3CD00A72F93EC2D00A5F8BD /* auto-photos */,
				B3CD00B92F93EC2F00A5F8BD /* auto-photosTests */,
				B3CD00C32F93EC2F00A5F8BD /* auto-photosUITests */,
				B3CD00A62F93EC2D00A5F8BD /* Products */,
			);
			sourceTree = "<group>";
		};
		B3CD00A62F93EC2D00A5F8BD /* Products */ = {
			isa = PBXGroup;
			children = (
				B3CD00A52F93EC2D00A5F8BD /* auto-photos.app */,
				B3CD00B62F93EC2F00A5F8BD /* auto-photosTests.xctest */,
				B3CD00C02F93EC2F00A5F8BD /* auto-photosUITests.xctest */,
			);
			name = Products;
			sourceTree = "<group>";
		};
/* End PBXGroup section */

/* Begin PBXNativeTarget section */
		B3CD00A42F93EC2D00A5F8BD /* auto-photos */ = {
			isa = PBXNativeTarget;
			buildConfigurationList = B3CD00CA2F93EC2F00A5F8BD /* Build configuration list for PBXNativeTarget "auto-photos" */;
			buildPhases = (
				B3CD00A12F93EC2D00A5F8BD /* Sources */,
				B3CD00A22F93EC2D00A5F8BD /* Frameworks */,
				B3CD00A32F93EC2D00A5F8BD /* Resources */,
			);
			buildRules = (
			);
			dependencies = (
			);
			fileSystemSynchronizedGroups = (
				B3CD00A72F93EC2D00A5F8BD /* auto-photos */,
			);
			name = "auto-photos";
			packageProductDependencies = (
			);
			productName = "auto-photos";
			productReference = B3CD00A52F93EC2D00A5F8BD /* auto-photos.app */;
			productType = "com.apple.product-type.application";
		};
		B3CD00B52F93EC2F00A5F8BD /* auto-photosTests */ = {
			isa = PBXNativeTarget;
			buildConfigurationList = B3CD00CD2F93EC2F00A5F8BD /* Build configuration list for PBXNativeTarget "auto-photosTests" */;
			buildPhases = (
				B3CD00B22F93EC2F00A5F8BD /* Sources */,
				B3CD00B32F93EC2F00A5F8BD /* Frameworks */,
				B3CD00B42F93EC2F00A5F8BD /* Resources */,
			);
			buildRules = (
			);
			dependencies = (
				B3CD00B82F93EC2F00A5F8BD /* PBXTargetDependency */,
			);
			fileSystemSynchronizedGroups = (
				B3CD00B92F93EC2F00A5F8BD /* auto-photosTests */,
			);
			name = "auto-photosTests";
			packageProductDependencies = (
			);
			productName = "auto-photosTests";
			productReference = B3CD00B62F93EC2F00A5F8BD /* auto-photosTests.xctest */;
			productType = "com.apple.product-type.bundle.unit-test";
		};
		B3CD00BF2F93EC2F00A5F8BD /* auto-photosUITests */ = {
			isa = PBXNativeTarget;
			buildConfigurationList = B3CD00D02F93EC2F00A5F8BD /* Build configuration list for PBXNativeTarget "auto-photosUITests" */;
			buildPhases = (
				B3CD00BC2F93EC2F00A5F8BD /* Sources */,
				B3CD00BD2F93EC2F00A5F8BD /* Frameworks */,
				B3CD00BE2F93EC2F00A5F8BD /* Resources */,
			);
			buildRules = (
			);
			dependencies = (
				B3CD00C22F93EC2F00A5F8BD /* PBXTargetDependency */,
			);
			fileSystemSynchronizedGroups = (
				B3CD00C32F93EC2F00A5F8BD /* auto-photosUITests */,
			);
			name = "auto-photosUITests";
			packageProductDependencies = (
			);
			productName = "auto-photosUITests";
			productReference = B3CD00C02F93EC2F00A5F8BD /* auto-photosUITests.xctest */;
			productType = "com.apple.product-type.bundle.ui-testing";
		};
/* End PBXNativeTarget section */

/* Begin PBXProject section */
		B3CD009D2F93EC2D00A5F8BD /* Project object */ = {
			isa = PBXProject;
			attributes = {
				BuildIndependentTargetsInParallel = 1;
				LastSwiftUpdateCheck = 1620;
				LastUpgradeCheck = 1620;
				TargetAttributes = {
					B3CD00A42F93EC2D00A5F8BD = {
						CreatedOnToolsVersion = 16.2;
					};
					B3CD00B52F93EC2F00A5F8BD = {
						CreatedOnToolsVersion = 16.2;
						TestTargetID = B3CD00A42F93EC2D00A5F8BD;
					};
					B3CD00BF2F93EC2F00A5F8BD = {
						CreatedOnToolsVersion = 16.2;
						TestTargetID = B3CD00A42F93EC2D00A5F8BD;
					};
				};
			};
			buildConfigurationList = B3CD00A02F93EC2D00A5F8BD /* Build configuration list for PBXProject "auto-photos" */;
			developmentRegion = en;
			hasScannedForEncodings = 0;
			knownRegions = (
				en,
				Base,
			);
			mainGroup = B3CD009C2F93EC2D00A5F8BD;
			minimizedProjectReferenceProxies = 1;
			preferredProjectObjectVersion = 77;
			productRefGroup = B3CD00A62F93EC2D00A5F8BD /* Products */;
			projectDirPath = "";
			projectRoot = "";
			targets = (
				B3CD00A42F93EC2D00A5F8BD /* auto-photos */,
				B3CD00B52F93EC2F00A5F8BD /* auto-photosTests */,
				B3CD00BF2F93EC2F00A5F8BD /* auto-photosUITests */,
			);
		};
/* End PBXProject section */

/* Begin PBXResourcesBuildPhase section */
		B3CD00A32F93EC2D00A5F8BD /* Resources */ = {
			isa = PBXResourcesBuildPhase;
			buildActionMask = 2147483647;
			files = (
			);
			runOnlyForDeploymentPostprocessing = 0;
		};
		B3CD00B42F93EC2F00A5F8BD /* Resources */ = {
			isa = PBXResourcesBuildPhase;
			buildActionMask = 2147483647;
			files = (
			);
			runOnlyForDeploymentPostprocessing = 0;
		};
		B3CD00BE2F93EC2F00A5F8BD /* Resources */ = {
			isa = PBXResourcesBuildPhase;
			buildActionMask = 2147483647;
			files = (
			);
			runOnlyForDeploymentPostprocessing = 0;
		};
/* End PBXResourcesBuildPhase section */

/* Begin PBXSourcesBuildPhase section */
		B3CD00A12F93EC2D00A5F8BD /* Sources */ = {
			isa = PBXSourcesBuildPhase;
			buildActionMask = 2147483647;
			files = (
			);
			runOnlyForDeploymentPostprocessing = 0;
		};
		B3CD00B22F93EC2F00A5F8BD /* Sources */ = {
			isa = PBXSourcesBuildPhase;
			buildActionMask = 2147483647;
			files = (
			);
			runOnlyForDeploymentPostprocessing = 0;
		};
		B3CD00BC2F93EC2F00A5F8BD /* Sources */ = {
			isa = PBXSourcesBuildPhase;
			buildActionMask = 2147483647;
			files = (
			);
			runOnlyForDeploymentPostprocessing = 0;
		};
/* End PBXSourcesBuildPhase section */

/* Begin PBXTargetDependency section */
		B3CD00B82F93EC2F00A5F8BD /* PBXTargetDependency */ = {
			isa = PBXTargetDependency;
			target = B3CD00A42F93EC2D00A5F8BD /* auto-photos */;
			targetProxy = B3CD00B72F93EC2F00A5F8BD /* PBXContainerItemProxy */;
		};
		B3CD00C22F93EC2F00A5F8BD /* PBXTargetDependency */ = {
			isa = PBXTargetDependency;
			target = B3CD00A42F93EC2D00A5F8BD /* auto-photos */;
			targetProxy = B3CD00C12F93EC2F00A5F8BD /* PBXContainerItemProxy */;
		};
/* End PBXTargetDependency section */

/* Begin XCBuildConfiguration section */
		B3CD00C82F93EC2F00A5F8BD /* Debug */ = {
			isa = XCBuildConfiguration;
			buildSettings = {
				ALWAYS_SEARCH_USER_PATHS = NO;
				ASSETCATALOG_COMPILER_GENERATE_SWIFT_ASSET_SYMBOL_EXTENSIONS = YES;
				CLANG_ANALYZER_NONNULL = YES;
				CLANG_ANALYZER_NUMBER_OBJECT_CONVERSION = YES_AGGRESSIVE;
				CLANG_CXX_LANGUAGE_STANDARD = "gnu++20";
				CLANG_ENABLE_MODULES = YES;
				CLANG_ENABLE_OBJC_ARC = YES;
				CLANG_ENABLE_OBJC_WEAK = YES;
				CLANG_WARN_BLOCK_CAPTURE_AUTORELEASING = YES;
				CLANG_WARN_BOOL_CONVERSION = YES;
				CLANG_WARN_COMMA = YES;
				CLANG_WARN_CONSTANT_CONVERSION = YES;
				CLANG_WARN_DEPRECATED_OBJC_IMPLEMENTATIONS = YES;
				CLANG_WARN_DIRECT_OBJC_ISA_USAGE = YES_ERROR;
				CLANG_WARN_DOCUMENTATION_COMMENTS = YES;
				CLANG_WARN_EMPTY_BODY = YES;
				CLANG_WARN_ENUM_CONVERSION = YES;
				CLANG_WARN_INFINITE_RECURSION = YES;
				CLANG_WARN_INT_CONVERSION = YES;
				CLANG_WARN_NON_LITERAL_NULL_CONVERSION = YES;
				CLANG_WARN_OBJC_IMPLICIT_RETAIN_SELF = YES;
				CLANG_WARN_OBJC_LITERAL_CONVERSION = YES;
				CLANG_WARN_OBJC_ROOT_CLASS = YES_ERROR;
				CLANG_WARN_QUOTED_INCLUDE_IN_FRAMEWORK_HEADER = YES;
				CLANG_WARN_RANGE_LOOP_ANALYSIS = YES;
				CLANG_WARN_STRICT_PROTOTYPES = YES;
				CLANG_WARN_SUSPICIOUS_MOVE = YES;
				CLANG_WARN_UNGUARDED_AVAILABILITY = YES_AGGRESSIVE;
				CLANG_WARN_UNREACHABLE_CODE = YES;
				CLANG_WARN__DUPLICATE_METHOD_MATCH = YES;
				COPY_PHASE_STRIP = NO;
				DEBUG_INFORMATION_FORMAT = dwarf;
				ENABLE_STRICT_OBJC_MSGSEND = YES;
				ENABLE_TESTABILITY = YES;
				ENABLE_USER_SCRIPT_SANDBOXING = YES;
				GCC_C_LANGUAGE_STANDARD = gnu17;
				GCC_DYNAMIC_NO_PIC = NO;
				GCC_NO_COMMON_BLOCKS = YES;
				GCC_OPTIMIZATION_LEVEL = 0;
				GCC_PREPROCESSOR_DEFINITIONS = (
					"DEBUG=1",
					"$(inherited)",
				);
				GCC_WARN_64_TO_32_BIT_CONVERSION = YES;
				GCC_WARN_ABOUT_RETURN_TYPE = YES_ERROR;
				GCC_WARN_UNDECLARED_SELECTOR = YES;
				GCC_WARN_UNINITIALIZED_AUTOS = YES_AGGRESSIVE;
				GCC_WARN_UNUSED_FUNCTION = YES;
				GCC_WARN_UNUSED_VARIABLE = YES;
				LOCALIZATION_PREFERS_STRING_CATALOGS = YES;
				MTL_ENABLE_DEBUG_INFO = INCLUDE_SOURCE;
				MTL_FAST_MATH = YES;
				ONLY_ACTIVE_ARCH = YES;
				SWIFT_ACTIVE_COMPILATION_CONDITIONS = "DEBUG $(inherited)";
				SWIFT_OPTIMIZATION_LEVEL = "-Onone";
			};
			name = Debug;
		};
		B3CD00C92F93EC2F00A5F8BD /* Release */ = {
			isa = XCBuildConfiguration;
			buildSettings = {
				ALWAYS_SEARCH_USER_PATHS = NO;
				ASSETCATALOG_COMPILER_GENERATE_SWIFT_ASSET_SYMBOL_EXTENSIONS = YES;
				CLANG_ANALYZER_NONNULL = YES;
				CLANG_ANALYZER_NUMBER_OBJECT_CONVERSION = YES_AGGRESSIVE;
				CLANG_CXX_LANGUAGE_STANDARD = "gnu++20";
				CLANG_ENABLE_MODULES = YES;
				CLANG_ENABLE_OBJC_ARC = YES;
				CLANG_ENABLE_OBJC_WEAK = YES;
				CLANG_WARN_BLOCK_CAPTURE_AUTORELEASING = YES;
				CLANG_WARN_BOOL_CONVERSION = YES;
				CLANG_WARN_COMMA = YES;
				CLANG_WARN_CONSTANT_CONVERSION = YES;
				CLANG_WARN_DEPRECATED_OBJC_IMPLEMENTATIONS = YES;
				CLANG_WARN_DIRECT_OBJC_ISA_USAGE = YES_ERROR;
				CLANG_WARN_DOCUMENTATION_COMMENTS = YES;
				CLANG_WARN_EMPTY_BODY = YES;
				CLANG_WARN_ENUM_CONVERSION = YES;
				CLANG_WARN_INFINITE_RECURSION = YES;
				CLANG_WARN_INT_CONVERSION = YES;
				CLANG_WARN_NON_LITERAL_NULL_CONVERSION = YES;
				CLANG_WARN_OBJC_IMPLICIT_RETAIN_SELF = YES;
				CLANG_WARN_OBJC_LITERAL_CONVERSION = YES;
				CLANG_WARN_OBJC_ROOT_CLASS = YES_ERROR;
				CLANG_WARN_QUOTED_INCLUDE_IN_FRAMEWORK_HEADER = YES;
				CLANG_WARN_RANGE_LOOP_ANALYSIS = YES;
				CLANG_WARN_STRICT_PROTOTYPES = YES;
				CLANG_WARN_SUSPICIOUS_MOVE = YES;
				CLANG_WARN_UNGUARDED_AVAILABILITY = YES_AGGRESSIVE;
				CLANG_WARN_UNREACHABLE_CODE = YES;
				CLANG_WARN__DUPLICATE_METHOD_MATCH = YES;
				COPY_PHASE_STRIP = NO;
				DEBUG_INFORMATION_FORMAT = "dwarf-with-dsym";
				ENABLE_NS_ASSERTIONS = NO;
				ENABLE_STRICT_OBJC_MSGSEND = YES;
				ENABLE_USER_SCRIPT_SANDBOXING = YES;
				GCC_C_LANGUAGE_STANDARD = gnu17;
				GCC_NO_COMMON_BLOCKS = YES;
				GCC_WARN_64_TO_32_BIT_CONVERSION = YES;
				GCC_WARN_ABOUT_RETURN_TYPE = YES_ERROR;
				GCC_WARN_UNDECLARED_SELECTOR = YES;
				GCC_WARN_UNINITIALIZED_AUTOS = YES_AGGRESSIVE;
				GCC_WARN_UNUSED_FUNCTION = YES;
				GCC_WARN_UNUSED_VARIABLE = YES;
				LOCALIZATION_PREFERS_STRING_CATALOGS = YES;
				MTL_ENABLE_DEBUG_INFO = NO;
				MTL_FAST_MATH = YES;
				SWIFT_COMPILATION_MODE = wholemodule;
			};
			name = Release;
		};
		B3CD00CB2F93EC2F00A5F8BD /* Debug */ = {
			isa = XCBuildConfiguration;
			buildSettings = {
				ASSETCATALOG_COMPILER_APPICON_NAME = AppIcon;
				ASSETCATALOG_COMPILER_GLOBAL_ACCENT_COLOR_NAME = AccentColor;
				CODE_SIGN_STYLE = Automatic;
				CURRENT_PROJECT_VERSION = 1;
				DEVELOPMENT_ASSET_PATHS = "\"auto-photos/Preview Content\"";
				DEVELOPMENT_TEAM = LR5K2G2WSV;
				ENABLE_PREVIEWS = YES;
				GENERATE_INFOPLIST_FILE = YES;
				INFOPLIST_KEY_CFBundleDisplayName = Locket;
				INFOPLIST_KEY_GADApplicationIdentifier = "ca-app-pub-3940256099942544~1458002511";
				INFOPLIST_KEY_NSPhotoLibraryAddUsageDescription = "생성한 영상을 사진 앱에 저장하기 위해 권한이 필요합니다.";
				INFOPLIST_KEY_NSPhotoLibraryUsageDescription = "사진, Live Photo, 영상을 선택해 영상을 만들기 위해 사진 접근이 필요합니다.";
				INFOPLIST_KEY_NSUserTrackingUsageDescription = "이 앱은 광고 노출과 성과 측정을 위해 기기 추적 권한을 사용합니다.";
				INFOPLIST_KEY_UIAppFonts = "Resources/Fonts/SDKukdetopokki-aLt.otf Resources/Fonts/SDKukdetopokki-bBd.otf";
				"INFOPLIST_KEY_UIApplicationSceneManifest_Generation[sdk=iphoneos*]" = YES;
				"INFOPLIST_KEY_UIApplicationSceneManifest_Generation[sdk=iphonesimulator*]" = YES;
				"INFOPLIST_KEY_UIApplicationSupportsIndirectInputEvents[sdk=iphoneos*]" = YES;
				"INFOPLIST_KEY_UIApplicationSupportsIndirectInputEvents[sdk=iphonesimulator*]" = YES;
				"INFOPLIST_KEY_UILaunchScreen_Generation[sdk=iphoneos*]" = YES;
				"INFOPLIST_KEY_UILaunchScreen_Generation[sdk=iphonesimulator*]" = YES;
				"INFOPLIST_KEY_UIStatusBarStyle[sdk=iphoneos*]" = UIStatusBarStyleDefault;
				"INFOPLIST_KEY_UIStatusBarStyle[sdk=iphonesimulator*]" = UIStatusBarStyleDefault;
				INFOPLIST_KEY_UISupportedInterfaceOrientations_iPhone = UIInterfaceOrientationPortrait;
				IPHONEOS_DEPLOYMENT_TARGET = 16.0;
				LD_RUNPATH_SEARCH_PATHS = "@executable_path/Frameworks";
				MARKETING_VERSION = 1.0;
				PRODUCT_BUNDLE_IDENTIFIER = "soya.auto-photos";
				PRODUCT_NAME = "$(TARGET_NAME)";
				SDKROOT = iphoneos;
				SUPPORTED_PLATFORMS = "iphoneos iphonesimulator";
				SWIFT_EMIT_LOC_STRINGS = YES;
				SWIFT_VERSION = 5.0;
				TARGETED_DEVICE_FAMILY = 1;
			};
			name = Debug;
		};
		B3CD00CC2F93EC2F00A5F8BD /* Release */ = {
			isa = XCBuildConfiguration;
			buildSettings = {
				ASSETCATALOG_COMPILER_APPICON_NAME = AppIcon;
				ASSETCATALOG_COMPILER_GLOBAL_ACCENT_COLOR_NAME = AccentColor;
				CODE_SIGN_STYLE = Automatic;
				CURRENT_PROJECT_VERSION = 1;
				DEVELOPMENT_ASSET_PATHS = "\"auto-photos/Preview Content\"";
				DEVELOPMENT_TEAM = LR5K2G2WSV;
				ENABLE_PREVIEWS = YES;
				GENERATE_INFOPLIST_FILE = YES;
				INFOPLIST_KEY_CFBundleDisplayName = Locket;
				INFOPLIST_KEY_GADApplicationIdentifier = REPLACE_WITH_REAL_ADMOB_APP_ID;
				INFOPLIST_KEY_NSPhotoLibraryAddUsageDescription = "생성한 영상을 사진 앱에 저장하기 위해 권한이 필요합니다.";
				INFOPLIST_KEY_NSPhotoLibraryUsageDescription = "사진, Live Photo, 영상을 선택해 영상을 만들기 위해 사진 접근이 필요합니다.";
				INFOPLIST_KEY_NSUserTrackingUsageDescription = "이 앱은 광고 노출과 성과 측정을 위해 기기 추적 권한을 사용합니다.";
				INFOPLIST_KEY_UIAppFonts = "Resources/Fonts/SDKukdetopokki-aLt.otf Resources/Fonts/SDKukdetopokki-bBd.otf";
				"INFOPLIST_KEY_UIApplicationSceneManifest_Generation[sdk=iphoneos*]" = YES;
				"INFOPLIST_KEY_UIApplicationSceneManifest_Generation[sdk=iphonesimulator*]" = YES;
				"INFOPLIST_KEY_UIApplicationSupportsIndirectInputEvents[sdk=iphoneos*]" = YES;
				"INFOPLIST_KEY_UIApplicationSupportsIndirectInputEvents[sdk=iphonesimulator*]" = YES;
				"INFOPLIST_KEY_UILaunchScreen_Generation[sdk=iphoneos*]" = YES;
				"INFOPLIST_KEY_UILaunchScreen_Generation[sdk=iphonesimulator*]" = YES;
				"INFOPLIST_KEY_UIStatusBarStyle[sdk=iphoneos*]" = UIStatusBarStyleDefault;
				"INFOPLIST_KEY_UIStatusBarStyle[sdk=iphonesimulator*]" = UIStatusBarStyleDefault;
				INFOPLIST_KEY_UISupportedInterfaceOrientations_iPhone = UIInterfaceOrientationPortrait;
				IPHONEOS_DEPLOYMENT_TARGET = 16.0;
				LD_RUNPATH_SEARCH_PATHS = "@executable_path/Frameworks";
				MARKETING_VERSION = 1.0;
				PRODUCT_BUNDLE_IDENTIFIER = "soya.auto-photos";
				PRODUCT_NAME = "$(TARGET_NAME)";
				SDKROOT = iphoneos;
				SUPPORTED_PLATFORMS = "iphoneos iphonesimulator";
				SWIFT_EMIT_LOC_STRINGS = YES;
				SWIFT_VERSION = 5.0;
				TARGETED_DEVICE_FAMILY = 1;
			};
			name = Release;
		};
		B3CD00CE2F93EC2F00A5F8BD /* Debug */ = {
			isa = XCBuildConfiguration;
			buildSettings = {
				BUNDLE_LOADER = "$(TEST_HOST)";
				CODE_SIGN_STYLE = Automatic;
				CURRENT_PROJECT_VERSION = 1;
				DEVELOPMENT_TEAM = LR5K2G2WSV;
				GENERATE_INFOPLIST_FILE = YES;
				IPHONEOS_DEPLOYMENT_TARGET = 16.0;
				MARKETING_VERSION = 1.0;
				PRODUCT_BUNDLE_IDENTIFIER = "soya.auto-photosTests";
				PRODUCT_NAME = "$(TARGET_NAME)";
				SDKROOT = iphoneos;
				SUPPORTED_PLATFORMS = "iphoneos iphonesimulator";
				SWIFT_EMIT_LOC_STRINGS = NO;
				SWIFT_VERSION = 5.0;
				TARGETED_DEVICE_FAMILY = 1;
				TEST_HOST = "$(BUILT_PRODUCTS_DIR)/auto-photos.app/$(BUNDLE_EXECUTABLE_FOLDER_PATH)/auto-photos";
			};
			name = Debug;
		};
		B3CD00CF2F93EC2F00A5F8BD /* Release */ = {
			isa = XCBuildConfiguration;
			buildSettings = {
				BUNDLE_LOADER = "$(TEST_HOST)";
				CODE_SIGN_STYLE = Automatic;
				CURRENT_PROJECT_VERSION = 1;
				DEVELOPMENT_TEAM = LR5K2G2WSV;
				GENERATE_INFOPLIST_FILE = YES;
				IPHONEOS_DEPLOYMENT_TARGET = 16.0;
				MARKETING_VERSION = 1.0;
				PRODUCT_BUNDLE_IDENTIFIER = "soya.auto-photosTests";
				PRODUCT_NAME = "$(TARGET_NAME)";
				SDKROOT = iphoneos;
				SUPPORTED_PLATFORMS = "iphoneos iphonesimulator";
				SWIFT_EMIT_LOC_STRINGS = NO;
				SWIFT_VERSION = 5.0;
				TARGETED_DEVICE_FAMILY = 1;
				TEST_HOST = "$(BUILT_PRODUCTS_DIR)/auto-photos.app/$(BUNDLE_EXECUTABLE_FOLDER_PATH)/auto-photos";
			};
			name = Release;
		};
		B3CD00D12F93EC2F00A5F8BD /* Debug */ = {
			isa = XCBuildConfiguration;
			buildSettings = {
				CODE_SIGN_STYLE = Automatic;
				CURRENT_PROJECT_VERSION = 1;
				DEVELOPMENT_TEAM = LR5K2G2WSV;
				GENERATE_INFOPLIST_FILE = YES;
				IPHONEOS_DEPLOYMENT_TARGET = 16.0;
				MARKETING_VERSION = 1.0;
				PRODUCT_BUNDLE_IDENTIFIER = "soya.auto-photosUITests";
				PRODUCT_NAME = "$(TARGET_NAME)";
				SDKROOT = iphoneos;
				SUPPORTED_PLATFORMS = "iphoneos iphonesimulator";
				SWIFT_EMIT_LOC_STRINGS = NO;
				SWIFT_VERSION = 5.0;
				TARGETED_DEVICE_FAMILY = 1;
				TEST_TARGET_NAME = "auto-photos";
			};
			name = Debug;
		};
		B3CD00D22F93EC2F00A5F8BD /* Release */ = {
			isa = XCBuildConfiguration;
			buildSettings = {
				CODE_SIGN_STYLE = Automatic;
				CURRENT_PROJECT_VERSION = 1;
				DEVELOPMENT_TEAM = LR5K2G2WSV;
				GENERATE_INFOPLIST_FILE = YES;
				IPHONEOS_DEPLOYMENT_TARGET = 16.0;
				MARKETING_VERSION = 1.0;
				PRODUCT_BUNDLE_IDENTIFIER = "soya.auto-photosUITests";
				PRODUCT_NAME = "$(TARGET_NAME)";
				SDKROOT = iphoneos;
				SUPPORTED_PLATFORMS = "iphoneos iphonesimulator";
				SWIFT_EMIT_LOC_STRINGS = NO;
				SWIFT_VERSION = 5.0;
				TARGETED_DEVICE_FAMILY = 1;
				TEST_TARGET_NAME = "auto-photos";
			};
			name = Release;
		};
/* End XCBuildConfiguration section */

/* Begin XCConfigurationList section */
		B3CD00A02F93EC2D00A5F8BD /* Build configuration list for PBXProject "auto-photos" */ = {
			isa = XCConfigurationList;
			buildConfigurations = (
				B3CD00C82F93EC2F00A5F8BD /* Debug */,
				B3CD00C92F93EC2F00A5F8BD /* Release */,
			);
			defaultConfigurationIsVisible = 0;
			defaultConfigurationName = Release;
		};
		B3CD00CA2F93EC2F00A5F8BD /* Build configuration list for PBXNativeTarget "auto-photos" */ = {
			isa = XCConfigurationList;
			buildConfigurations = (
				B3CD00CB2F93EC2F00A5F8BD /* Debug */,
				B3CD00CC2F93EC2F00A5F8BD /* Release */,
			);
			defaultConfigurationIsVisible = 0;
			defaultConfigurationName = Release;
		};
		B3CD00CD2F93EC2F00A5F8BD /* Build configuration list for PBXNativeTarget "auto-photosTests" */ = {
			isa = XCConfigurationList;
			buildConfigurations = (
				B3CD00CE2F93EC2F00A5F8BD /* Debug */,
				B3CD00CF2F93EC2F00A5F8BD /* Release */,
			);
			defaultConfigurationIsVisible = 0;
			defaultConfigurationName = Release;
		};
		B3CD00D02F93EC2F00A5F8BD /* Build configuration list for PBXNativeTarget "auto-photosUITests" */ = {
			isa = XCConfigurationList;
			buildConfigurations = (
				B3CD00D12F93EC2F00A5F8BD /* Debug */,
				B3CD00D22F93EC2F00A5F8BD /* Release */,
			);
			defaultConfigurationIsVisible = 0;
			defaultConfigurationName = Release;
		};
/* End XCConfigurationList section */
	};
	rootObject = B3CD009D2F93EC2D00A5F8BD /* Project object */;
}
